{
  "version": 4,
  "terraform_version": "1.2.0",
  "serial": 16,
  "lineage": "2b5271bc-c230-1c9c-3f1e-07f3d9e5c90b",
  "outputs": {},
  "resources": [
    {
      "mode": "managed",
      "type": "proxmox_vm_qemu",
      "name": "preprovision-test",
      "provider": "provider[\"registry.terraform.io/telmate/proxmox\"]",
      "instances": [
        {
          "schema_version": 0,
          "attributes": {
            "additional_wait": 0,
            "agent": 0,
            "args": "",
            "automatic_reboot": true,
            "balloon": 0,
            "bios": "seabios",
            "boot": "c",
            "bootdisk": "",
            "bridge": "",
            "ci_wait": null,
            "cicustom": "",
            "cipassword": "",
            "ciuser": "",
            "clone": null,
            "clone_wait": 0,
            "cloudinit_cdrom_storage": null,
            "cores": 4,
            "cpu": "host",
            "default_ipv4_address": null,
            "define_connection_info": true,
            "desc": "",
            "disk": [
              {
                "aio": "",
                "backup": 0,
                "cache": "none",
                "discard": "",
                "file": "vm-100-disk-0",
                "format": "raw",
                "iops": 0,
                "iops_max": 0,
                "iops_max_length": 0,
                "iops_rd": 0,
                "iops_rd_max": 0,
                "iops_rd_max_length": 0,
                "iops_wr": 0,
                "iops_wr_max": 0,
                "iops_wr_max_length": 0,
                "iothread": 0,
                "mbps": 0,
                "mbps_rd": 0,
                "mbps_rd_max": 0,
                "mbps_wr": 0,
                "mbps_wr_max": 0,
                "media": "",
                "replicate": 0,
                "size": "200G",
                "slot": 0,
                "ssd": 0,
                "storage": "local-lvm",
                "storage_type": "lvmthin",
                "type": "virtio",
                "volume": "local-lvm:vm-100-disk-0"
              }
            ],
            "disk_gb": 0,
            "force_create": false,
            "force_recreate_on_change_of": null,
            "full_clone": true,
            "guest_agent_ready_timeout": 100,
            "hagroup": "",
            "hastate": "",
            "hotplug": "network,disk,usb",
            "id": "ultron/qemu/100",
            "ipconfig0": "",
            "ipconfig1": "",
            "ipconfig2": "",
            "ipconfig3": "",
            "ipconfig4": "",
            "ipconfig5": "",
            "iso": "local:iso/fedora-coreos-36.20221014.3.1-live.x86_64.iso",
            "kvm": true,
            "mac": "",
            "memory": 16384,
            "name": "",
            "nameserver": "",
            "network": [
              {
                "bridge": "vmbr0",
                "firewall": false,
                "link_down": false,
                "macaddr": "26:62:76:8B:59:ED",
                "model": "virtio",
                "mtu": 0,
                "queues": 0,
                "rate": 0,
                "tag": -1
              }
            ],
            "nic": "",
            "numa": false,
            "onboot": false,
            "oncreate": true,
            "os_network_config": "auto eth0\r\niface eth0 inet dhcp\r\n",
            "os_type": "centos",
            "pool": "",
            "preprovision": true,
            "pxe": null,
            "qemu_os": "l26",
            "reboot_required": false,
            "scsihw": "lsi",
            "searchdomain": "",
            "serial": [],
            "sockets": 1,
            "ssh_forward_ip": "10.0.125.51",
            "ssh_host": null,
            "ssh_port": null,
            "ssh_private_key": "-----BEGIN RSA PRIVATE KEY-----\r\nMIIEpAIBAAKCAQEArzKpEWz+zSsqTQdPH3y5yQMf2yBeOfzxnffhfYpPbb6/3EwK\r\nFLkCIGLWnjMK34BFcp/YkktHJ5C+xKEaV67afCXSdMYldr97f5SoMlZgADhxVMPZ\r\nF9VAydOYBuH7Rmnqi37DL+RrinN8p3emt+dzRz/pHkqL88YQUgDUMG6YHEOhNQ63\r\n5qUh5cXp7UISp0t83OMF77v0T0k7MOYYTk0Q6fDIzAEVe/oKoA6BZp+rL4OIuyCA\r\nPJ/xn6qmdS/YFrQBM6C943gjnhU7cBuO6cYPpAk0zkQLZtAlNld3ZPdnK8q1uAE8\r\nOoXGzYGj+gVPa61M0RqyHzM+9NjxGsWa7HQNQQIDAQABAoIBABZ9fWCkSk1SNjrv\r\nLkQPgdYBFazOieoNw4KQ2JyCDdI7w2tnQ4AHg/NeXMiwKrwoPkIJrQaSrU6x8RtS\r\nxwvsgVWgkVS2Pwbwa80j6zeTCP3eQQYtogfCM2/1PrXbeqM+Y4KGwk26l+eNDbp9\r\nzKQdDRpfZPCjhzXC/kNYoeSZveMawPYfafBhwQvKvmFzoB5prOi5uv8VlxDre5Bt\r\njHu/P0JbjA+1Xp0bN6LE8sRNEUQjMWX/MvCj9IN94fZ0Qb4lBDz4BL1IJfo31zOi\r\ncCZ/TzPPLtn2aqVlim8G3wFk5LXTUpxbAvUJxcQcXRF7hGMbejjoq14Q1Rpf5WJS\r\nD5v9VAECgYEA4K/3RQYcklBlAs/9GWbUgEVwelLWc0BCWz6ldW+x9kHZWdxq1UXZ\r\n1rnZeYNuigWOJgUbE9qjgZRIhrNLDeoUFbLBiEPXUmUr59+kv68Wueu97thFFiMv\r\nyqxkPkn8RsjtXXc2D1tO11T+B+XsSFVxY44NOqZ2qy4Tz0zz9qQbfaECgYEAx50W\r\nt3CnrUQEe/96qeQ9jqOZgMknKmGQdd+I/9JKUI7+UQv20q7Aewr6aHY6+KgSu72k\r\nBZFWQnp/kMqPL8uX918G5dwYHzNwkixFpII9enG3nHdnGS0aaPHqw0aejto04EAi\r\nvZ8jnnEOFklUs/8U5BuPFhN+MUVqfblEBt8QK6ECgYEAm0W/kbm5gPuB8sGdXTKM\r\n4+AY7M/WV2su8DOI0HFSAKZc+Ba01ZIiCpwAyFKlz0grhea9YakUmXXJ8RxyX7lG\r\nDACucebAJLa58tHA3p63C+D4LtjSVYwXeO5NkCY86wXr002Q1Gf7QiAANaEU+p/h\r\nbjU6uy9SjtWW5wl9BxM91EECgYBZgqvJHo9SNwn7wJh0zpB8Agi3o3wYmR96e/6n\r\nGNmSPkz0cvT/jLVrd4TKixnunw+neGawyHdx4BSMDQkgWZ+PoeEp+gQnGZ4FLi0c\r\nk/qViaDYXQKyW3NYVAL+BhDb5iWH2bq6ZT5HslKq079T57Kqh2EmeR9BYOtb7VP/\r\n8M8DgQKBgQCNIC/sIcwS0j4pN9C2EQ8/Y7uW1ulWXlYutZHD3YeBvHuoC+7RDO0n\r\n0iB9ZvI1+6yYq78PXtHrc6EvLbn28Noh12zb6XZFaRYwvIry08z5dWR7aJaGrhm6\r\nSMLdaeuhJAX2Smgq79sA341f5Owo5aclualnCJ5e3wd9ppx5+edcIg==\r\n-----END RSA PRIVATE KEY-----\r\n",
            "ssh_user": "terraform",
            "sshkeys": "",
            "startup": "",
            "storage": "",
            "storage_type": "",
            "tablet": true,
            "tags": "",
            "target_node": "ultron",
            "timeouts": null,
            "unused_disk": [],
            "usb": [],
            "vcpus": 0,
            "vga": [],
            "vlan": -1,
            "vmid": null
          },
          "sensitive_attributes": [],
          "private": "eyJlMmJmYjczMC1lY2FhLTExZTYtOGY4OC0zNDM2M2JjN2M0YzAiOnsiY3JlYXRlIjozMDAwMDAwMDAwMDAsImRlZmF1bHQiOjMwMDAwMDAwMDAwMCwiZGVsZXRlIjoxODAwMDAwMDAwMDAsInJlYWQiOjE4MDAwMDAwMDAwMCwidXBkYXRlIjoxODAwMDAwMDAwMDB9fQ=="
        }
      ]
    }
  ]
}
